schema: '2.0'
stages:
  prepare_base_model:
    cmd: python src/cnnClassifier/pipeline/stage_02_prepare_base_model.py
    deps:
    - path: config/config.yaml
      hash: md5
      md5: beac2d3ad6400058a4c77c8a42fd1c78
      size: 803
    - path: src/cnnClassifier/pipeline/stage_02_prepare_base_model.py
      hash: md5
      md5: dd6f32a04e70093fcc4073cb138cdef2
      size: 997
    params:
      params.yaml:
        CLASSES: 2
        IMAGE_SIZE:
        - 224
        - 224
        - 3
        INCLUDE_TOP: false
        LEARNING_RATE: 0.01
        WEIGHTS: imagenet
    outs:
    - path: artifacts/prepare_base_model
      hash: md5
      md5: e65dfcaac4c739acf70ba6efddf3d26a.dir
      size: 118054560
      nfiles: 2
  data_ingestion:
    cmd: python src/cnnClassifier/pipeline/stage_01_data_ingestion.py
    deps:
    - path: config/config.yaml
      hash: md5
      md5: beac2d3ad6400058a4c77c8a42fd1c78
      size: 803
    - path: src/cnnClassifier/pipeline/stage_01_data_ingestion.py
      hash: md5
      md5: b88eff18a5f92098ac3fe5de84e13fc4
      size: 909
    outs:
    - path: artifacts/data_ingestion/brain-tumor-images
      hash: md5
      md5: 8d77130541d5cd05acd22e04939d2ae2.dir
      size: 8672762
      nfiles: 253
  training:
    cmd: python src/cnnClassifier/pipeline/stage_03_training.py
    deps:
    - path: artifacts/data_ingestion/brain-tumor-images
      hash: md5
      md5: 8d77130541d5cd05acd22e04939d2ae2.dir
      size: 8672762
      nfiles: 253
    - path: artifacts/prepare_base_model
      hash: md5
      md5: e65dfcaac4c739acf70ba6efddf3d26a.dir
      size: 118054560
      nfiles: 2
    - path: config/config.yaml
      hash: md5
      md5: beac2d3ad6400058a4c77c8a42fd1c78
      size: 803
    - path: src/cnnClassifier/components/prepare_callbacks.py
      hash: md5
      md5: df047e424075dcab9aec144951712130
      size: 1006
    - path: src/cnnClassifier/pipeline/stage_03_training.py
      hash: md5
      md5: e658f92779bb258d38c158867ecdfde4
      size: 1255
    params:
      params.yaml:
        AUGMENTATION: true
        BATCH_SIZE: 16
        EPOCHS: 3
        IMAGE_SIZE:
        - 224
        - 224
        - 3
    outs:
    - path: artifacts/training/model.h5
      hash: md5
      md5: 88aea2b99ac1b8583b824709f5bbb6ce
      size: 59337520
  evaluation:
    cmd: python src/cnnClassifier/pipeline/stage_04_evaluation.py
    deps:
    - path: artifacts/data_ingestion/brain-tumor-images
      hash: md5
      md5: 8d77130541d5cd05acd22e04939d2ae2.dir
      size: 8672762
      nfiles: 253
    - path: artifacts/training/model.h5
      hash: md5
      md5: 88aea2b99ac1b8583b824709f5bbb6ce
      size: 59337520
    - path: config/config.yaml
      hash: md5
      md5: beac2d3ad6400058a4c77c8a42fd1c78
      size: 803
    - path: src/cnnClassifier/pipeline/stage_04_evaluation.py
      hash: md5
      md5: 8204783faf219204568b3e3793e2e214
      size: 869
    params:
      params.yaml:
        BATCH_SIZE: 16
        IMAGE_SIZE:
        - 224
        - 224
        - 3
    outs:
    - path: scores.json
      hash: md5
      md5: 4bac3143290c3d8ccfa246e63282c21b
      size: 73
